
Microsoft Visual Studio Solution File, Format Version 12.00
# Visual Studio 15
VisualStudioVersion = 15.0.28307.705
MinimumVisualStudioVersion = 10.0.40219.1
Project("{FAE04EC0-301F-11D3-BF4B-00C04F79EFBC}") = "Ejemplo1_POO(C_sharp)", "Ejemplo1_POO(C_sharp)\Ejemplo1_POO(C_sharp).csproj", "{0662A9D2-DF75-4885-BAF5-17C52E2A66A7}"
EndProject
Global
	GlobalSection(SolutionConfigurationPlatforms) = preSolution
		Debug|Any CPU = Debug|Any CPU
		Release|Any CPU = Release|Any CPU
	EndGlobalSection
	GlobalSection(ProjectConfigurationPlatforms) = postSolution
		{0662A9D2-DF75-4885-BAF5-17C52E2A66A7}.Debug|Any CPU.ActiveCfg = Debug|Any CPU
		{0662A9D2-DF75-4885-BAF5-17C52E2A66A7}.Debug|Any CPU.Build.0 = Debug|Any CPU
		{0662A9D2-DF75-4885-BAF5-17C52E2A66A7}.Release|Any CPU.ActiveCfg = Release|Any CPU
		{0662A9D2-DF75-4885-BAF5-17C52E2A66A7}.Release|Any CPU.Build.0 = Release|Any CPU
	EndGlobalSection
	GlobalSection(SolutionProperties) = preSolution
		HideSolutionNode = FALSE
	EndGlobalSection
	GlobalSection(ExtensibilityGlobals) = postSolution
		SolutionGuid = {11F407B6-E79E-4CD0-90D7-5D88320F4EEA}
	EndGlobalSection
EndGlobal
